
Microsoft Visual Studio Solution File, Format Version 12.00
# Visual Studio 15
VisualStudioVersion = 15.0.28010.2036
MinimumVisualStudioVersion = 10.0.40219.1
Project("{8BC9CEB8-8B4A-11D0-8D11-00A0C91BC942}") = "Factory", "Factory\Factory.vcxproj", "{C35A9ECB-7E39-48AB-B3A6-C402882CE799}"
EndProject
Project("{8BC9CEB8-8B4A-11D0-8D11-00A0C91BC942}") = "AbstractFactory", "AbstractFactory\AbstractFactory.vcxproj", "{6AF9D463-D6F7-4877-9D2D-D9D95045CE62}"
EndProject
Project("{8BC9CEB8-8B4A-11D0-8D11-00A0C91BC942}") = "Builder", "Builder\Builder.vcxproj", "{07CB66BE-C444-4511-BEAF-C042CE469970}"
EndProject
Project("{8BC9CEB8-8B4A-11D0-8D11-00A0C91BC942}") = "Prototype", "Prototype\Prototype.vcxproj", "{6EDC2C06-5E4B-4AD3-99B9-581FB56C5561}"
EndProject
Project("{8BC9CEB8-8B4A-11D0-8D11-00A0C91BC942}") = "Adapter", "Adapter\Adapter.vcxproj", "{32240A61-36BB-4CC5-9763-E88BFA7AEF8C}"
EndProject
Project("{8BC9CEB8-8B4A-11D0-8D11-00A0C91BC942}") = "Facade", "Facade\Facade.vcxproj", "{74A5C179-F846-4FD2-A61F-4FD67EA9F6C9}"
EndProject
Project("{8BC9CEB8-8B4A-11D0-8D11-00A0C91BC942}") = "FlyWeight", "FlyWeight\FlyWeight.vcxproj", "{4D86CE24-3C6D-450E-B027-691E2C7C2DE4}"
EndProject
Project("{8BC9CEB8-8B4A-11D0-8D11-00A0C91BC942}") = "Proxy", "Proxy\Proxy.vcxproj", "{4047291A-230B-4C80-BB39-F6771E491D64}"
EndProject
Global
	GlobalSection(SolutionConfigurationPlatforms) = preSolution
		Debug|x64 = Debug|x64
		Debug|x86 = Debug|x86
		Release|x64 = Release|x64
		Release|x86 = Release|x86
	EndGlobalSection
	GlobalSection(ProjectConfigurationPlatforms) = postSolution
		{C35A9ECB-7E39-48AB-B3A6-C402882CE799}.Debug|x64.ActiveCfg = Debug|x64
		{C35A9ECB-7E39-48AB-B3A6-C402882CE799}.Debug|x64.Build.0 = Debug|x64
		{C35A9ECB-7E39-48AB-B3A6-C402882CE799}.Debug|x86.ActiveCfg = Debug|Win32
		{C35A9ECB-7E39-48AB-B3A6-C402882CE799}.Debug|x86.Build.0 = Debug|Win32
		{C35A9ECB-7E39-48AB-B3A6-C402882CE799}.Release|x64.ActiveCfg = Release|x64
		{C35A9ECB-7E39-48AB-B3A6-C402882CE799}.Release|x64.Build.0 = Release|x64
		{C35A9ECB-7E39-48AB-B3A6-C402882CE799}.Release|x86.ActiveCfg = Release|Win32
		{C35A9ECB-7E39-48AB-B3A6-C402882CE799}.Release|x86.Build.0 = Release|Win32
		{6AF9D463-D6F7-4877-9D2D-D9D95045CE62}.Debug|x64.ActiveCfg = Debug|x64
		{6AF9D463-D6F7-4877-9D2D-D9D95045CE62}.Debug|x64.Build.0 = Debug|x64
		{6AF9D463-D6F7-4877-9D2D-D9D95045CE62}.Debug|x86.ActiveCfg = Debug|Win32
		{6AF9D463-D6F7-4877-9D2D-D9D95045CE62}.Debug|x86.Build.0 = Debug|Win32
		{6AF9D463-D6F7-4877-9D2D-D9D95045CE62}.Release|x64.ActiveCfg = Release|x64
		{6AF9D463-D6F7-4877-9D2D-D9D95045CE62}.Release|x64.Build.0 = Release|x64
		{6AF9D463-D6F7-4877-9D2D-D9D95045CE62}.Release|x86.ActiveCfg = Release|Win32
		{6AF9D463-D6F7-4877-9D2D-D9D95045CE62}.Release|x86.Build.0 = Release|Win32
		{07CB66BE-C444-4511-BEAF-C042CE469970}.Debug|x64.ActiveCfg = Debug|x64
		{07CB66BE-C444-4511-BEAF-C042CE469970}.Debug|x64.Build.0 = Debug|x64
		{07CB66BE-C444-4511-BEAF-C042CE469970}.Debug|x86.ActiveCfg = Debug|Win32
		{07CB66BE-C444-4511-BEAF-C042CE469970}.Debug|x86.Build.0 = Debug|Win32
		{07CB66BE-C444-4511-BEAF-C042CE469970}.Release|x64.ActiveCfg = Release|x64
		{07CB66BE-C444-4511-BEAF-C042CE469970}.Release|x64.Build.0 = Release|x64
		{07CB66BE-C444-4511-BEAF-C042CE469970}.Release|x86.ActiveCfg = Release|Win32
		{07CB66BE-C444-4511-BEAF-C042CE469970}.Release|x86.Build.0 = Release|Win32
		{6EDC2C06-5E4B-4AD3-99B9-581FB56C5561}.Debug|x64.ActiveCfg = Debug|x64
		{6EDC2C06-5E4B-4AD3-99B9-581FB56C5561}.Debug|x64.Build.0 = Debug|x64
		{6EDC2C06-5E4B-4AD3-99B9-581FB56C5561}.Debug|x86.ActiveCfg = Debug|Win32
		{6EDC2C06-5E4B-4AD3-99B9-581FB56C5561}.Debug|x86.Build.0 = Debug|Win32
		{6EDC2C06-5E4B-4AD3-99B9-581FB56C5561}.Release|x64.ActiveCfg = Release|x64
		{6EDC2C06-5E4B-4AD3-99B9-581FB56C5561}.Release|x64.Build.0 = Release|x64
		{6EDC2C06-5E4B-4AD3-99B9-581FB56C5561}.Release|x86.ActiveCfg = Release|Win32
		{6EDC2C06-5E4B-4AD3-99B9-581FB56C5561}.Release|x86.Build.0 = Release|Win32
		{32240A61-36BB-4CC5-9763-E88BFA7AEF8C}.Debug|x64.ActiveCfg = Debug|x64
		{32240A61-36BB-4CC5-9763-E88BFA7AEF8C}.Debug|x64.Build.0 = Debug|x64
		{32240A61-36BB-4CC5-9763-E88BFA7AEF8C}.Debug|x86.ActiveCfg = Debug|Win32
		{32240A61-36BB-4CC5-9763-E88BFA7AEF8C}.Debug|x86.Build.0 = Debug|Win32
		{32240A61-36BB-4CC5-9763-E88BFA7AEF8C}.Release|x64.ActiveCfg = Release|x64
		{32240A61-36BB-4CC5-9763-E88BFA7AEF8C}.Release|x64.Build.0 = Release|x64
		{32240A61-36BB-4CC5-9763-E88BFA7AEF8C}.Release|x86.ActiveCfg = Release|Win32
		{32240A61-36BB-4CC5-9763-E88BFA7AEF8C}.Release|x86.Build.0 = Release|Win32
		{74A5C179-F846-4FD2-A61F-4FD67EA9F6C9}.Debug|x64.ActiveCfg = Debug|x64
		{74A5C179-F846-4FD2-A61F-4FD67EA9F6C9}.Debug|x64.Build.0 = Debug|x64
		{74A5C179-F846-4FD2-A61F-4FD67EA9F6C9}.Debug|x86.ActiveCfg = Debug|Win32
		{74A5C179-F846-4FD2-A61F-4FD67EA9F6C9}.Debug|x86.Build.0 = Debug|Win32
		{74A5C179-F846-4FD2-A61F-4FD67EA9F6C9}.Release|x64.ActiveCfg = Release|x64
		{74A5C179-F846-4FD2-A61F-4FD67EA9F6C9}.Release|x64.Build.0 = Release|x64
		{74A5C179-F846-4FD2-A61F-4FD67EA9F6C9}.Release|x86.ActiveCfg = Release|Win32
		{74A5C179-F846-4FD2-A61F-4FD67EA9F6C9}.Release|x86.Build.0 = Release|Win32
		{4D86CE24-3C6D-450E-B027-691E2C7C2DE4}.Debug|x64.ActiveCfg = Debug|x64
		{4D86CE24-3C6D-450E-B027-691E2C7C2DE4}.Debug|x64.Build.0 = Debug|x64
		{4D86CE24-3C6D-450E-B027-691E2C7C2DE4}.Debug|x86.ActiveCfg = Debug|Win32
		{4D86CE24-3C6D-450E-B027-691E2C7C2DE4}.Debug|x86.Build.0 = Debug|Win32
		{4D86CE24-3C6D-450E-B027-691E2C7C2DE4}.Release|x64.ActiveCfg = Release|x64
		{4D86CE24-3C6D-450E-B027-691E2C7C2DE4}.Release|x64.Build.0 = Release|x64
		{4D86CE24-3C6D-450E-B027-691E2C7C2DE4}.Release|x86.ActiveCfg = Release|Win32
		{4D86CE24-3C6D-450E-B027-691E2C7C2DE4}.Release|x86.Build.0 = Release|Win32
		{4047291A-230B-4C80-BB39-F6771E491D64}.Debug|x64.ActiveCfg = Debug|x64
		{4047291A-230B-4C80-BB39-F6771E491D64}.Debug|x64.Build.0 = Debug|x64
		{4047291A-230B-4C80-BB39-F6771E491D64}.Debug|x86.ActiveCfg = Debug|Win32
		{4047291A-230B-4C80-BB39-F6771E491D64}.Debug|x86.Build.0 = Debug|Win32
		{4047291A-230B-4C80-BB39-F6771E491D64}.Release|x64.ActiveCfg = Release|x64
		{4047291A-230B-4C80-BB39-F6771E491D64}.Release|x64.Build.0 = Release|x64
		{4047291A-230B-4C80-BB39-F6771E491D64}.Release|x86.ActiveCfg = Release|Win32
		{4047291A-230B-4C80-BB39-F6771E491D64}.Release|x86.Build.0 = Release|Win32
	EndGlobalSection
	GlobalSection(SolutionProperties) = preSolution
		HideSolutionNode = FALSE
	EndGlobalSection
	GlobalSection(ExtensibilityGlobals) = postSolution
		SolutionGuid = {B54C31FF-0048-4E23-90C1-73112EE08B19}
	EndGlobalSection
EndGlobal
